
Microsoft Visual Studio Solution File, Format Version 12.00
# Visual Studio Version 16
VisualStudioVersion = 16.0.30804.86
MinimumVisualStudioVersion = 10.0.40219.1
Project("{FAE04EC0-301F-11D3-BF4B-00C04F79EFBC}") = "AdoDotNetReadDemo", "AdoDotNetReadDemo\AdoDotNetReadDemo.csproj", "{B2EB5C77-E6A4-4D3A-9BD4-3DF50F186F12}"
EndProject
Global
	GlobalSection(SolutionConfigurationPlatforms) = preSolution
		Debug|Any CPU = Debug|Any CPU
		Release|Any CPU = Release|Any CPU
	EndGlobalSection
	GlobalSection(ProjectConfigurationPlatforms) = postSolution
		{B2EB5C77-E6A4-4D3A-9BD4-3DF50F186F12}.Debug|Any CPU.ActiveCfg = Debug|Any CPU
		{B2EB5C77-E6A4-4D3A-9BD4-3DF50F186F12}.Debug|Any CPU.Build.0 = Debug|Any CPU
		{B2EB5C77-E6A4-4D3A-9BD4-3DF50F186F12}.Release|Any CPU.ActiveCfg = Release|Any CPU
		{B2EB5C77-E6A4-4D3A-9BD4-3DF50F186F12}.Release|Any CPU.Build.0 = Release|Any CPU
	EndGlobalSection
	GlobalSection(SolutionProperties) = preSolution
		HideSolutionNode = FALSE
	EndGlobalSection
	GlobalSection(ExtensibilityGlobals) = postSolution
		SolutionGuid = {C72800A6-33FF-43D4-BD5E-BEA2186E1B47}
	EndGlobalSection
EndGlobal
