
Microsoft Visual Studio Solution File, Format Version 12.00
# Visual Studio Version 16
VisualStudioVersion = 16.0.30413.136
MinimumVisualStudioVersion = 10.0.40219.1
Project("{FAE04EC0-301F-11D3-BF4B-00C04F79EFBC}") = "SumOfArray", "SumOfArray\SumOfArray.csproj", "{0D89238A-B2C8-4D3C-B1DF-AF42EA39B74B}"
EndProject
Global
	GlobalSection(SolutionConfigurationPlatforms) = preSolution
		Debug|Any CPU = Debug|Any CPU
		Release|Any CPU = Release|Any CPU
	EndGlobalSection
	GlobalSection(ProjectConfigurationPlatforms) = postSolution
		{0D89238A-B2C8-4D3C-B1DF-AF42EA39B74B}.Debug|Any CPU.ActiveCfg = Debug|Any CPU
		{0D89238A-B2C8-4D3C-B1DF-AF42EA39B74B}.Debug|Any CPU.Build.0 = Debug|Any CPU
		{0D89238A-B2C8-4D3C-B1DF-AF42EA39B74B}.Release|Any CPU.ActiveCfg = Release|Any CPU
		{0D89238A-B2C8-4D3C-B1DF-AF42EA39B74B}.Release|Any CPU.Build.0 = Release|Any CPU
	EndGlobalSection
	GlobalSection(SolutionProperties) = preSolution
		HideSolutionNode = FALSE
	EndGlobalSection
	GlobalSection(ExtensibilityGlobals) = postSolution
		SolutionGuid = {E6BDE1AF-7869-45DB-A6BB-5F40D6F24AC1}
	EndGlobalSection
EndGlobal
