
Microsoft Visual Studio Solution File, Format Version 12.00
# Visual Studio Version 16
VisualStudioVersion = 16.0.30804.86
MinimumVisualStudioVersion = 10.0.40219.1
Project("{FAE04EC0-301F-11D3-BF4B-00C04F79EFBC}") = "AdoDotNetDataAdapterReadDemo", "AdoDotNetDataAdapterReadDemo\AdoDotNetDataAdapterReadDemo.csproj", "{E7889979-DA12-4318-A56E-41B05B4CA319}"
EndProject
Global
	GlobalSection(SolutionConfigurationPlatforms) = preSolution
		Debug|Any CPU = Debug|Any CPU
		Release|Any CPU = Release|Any CPU
	EndGlobalSection
	GlobalSection(ProjectConfigurationPlatforms) = postSolution
		{E7889979-DA12-4318-A56E-41B05B4CA319}.Debug|Any CPU.ActiveCfg = Debug|Any CPU
		{E7889979-DA12-4318-A56E-41B05B4CA319}.Debug|Any CPU.Build.0 = Debug|Any CPU
		{E7889979-DA12-4318-A56E-41B05B4CA319}.Release|Any CPU.ActiveCfg = Release|Any CPU
		{E7889979-DA12-4318-A56E-41B05B4CA319}.Release|Any CPU.Build.0 = Release|Any CPU
	EndGlobalSection
	GlobalSection(SolutionProperties) = preSolution
		HideSolutionNode = FALSE
	EndGlobalSection
	GlobalSection(ExtensibilityGlobals) = postSolution
		SolutionGuid = {FF1A6F80-F6B3-452E-BF66-E3359E65DBB4}
	EndGlobalSection
EndGlobal
