
Microsoft Visual Studio Solution File, Format Version 12.00
# Visual Studio Version 16
VisualStudioVersion = 16.0.30717.126
MinimumVisualStudioVersion = 10.0.40219.1
Project("{FAE04EC0-301F-11D3-BF4B-00C04F79EFBC}") = "DelegateDemo", "DelegateDemo\DelegateDemo.csproj", "{607691C5-C715-4A4A-A1CF-58B5F1D3563D}"
EndProject
Global
	GlobalSection(SolutionConfigurationPlatforms) = preSolution
		Debug|Any CPU = Debug|Any CPU
		Release|Any CPU = Release|Any CPU
	EndGlobalSection
	GlobalSection(ProjectConfigurationPlatforms) = postSolution
		{607691C5-C715-4A4A-A1CF-58B5F1D3563D}.Debug|Any CPU.ActiveCfg = Debug|Any CPU
		{607691C5-C715-4A4A-A1CF-58B5F1D3563D}.Debug|Any CPU.Build.0 = Debug|Any CPU
		{607691C5-C715-4A4A-A1CF-58B5F1D3563D}.Release|Any CPU.ActiveCfg = Release|Any CPU
		{607691C5-C715-4A4A-A1CF-58B5F1D3563D}.Release|Any CPU.Build.0 = Release|Any CPU
	EndGlobalSection
	GlobalSection(SolutionProperties) = preSolution
		HideSolutionNode = FALSE
	EndGlobalSection
	GlobalSection(ExtensibilityGlobals) = postSolution
		SolutionGuid = {7A22FA4E-ED99-41F5-A52B-3E6324F5C5AD}
	EndGlobalSection
EndGlobal
